
Microsoft Visual Studio Solution File, Format Version 12.00
# Visual Studio Version 16
VisualStudioVersion = 16.0.30524.135
MinimumVisualStudioVersion = 10.0.40219.1
Project("{FAE04EC0-301F-11D3-BF4B-00C04F79EFBC}") = "MoneyExchangeConverter", "MoneyExchangeConverter.csproj", "{4949C593-AE22-4388-BFFB-5DB99902B9AD}"
EndProject
Global
	GlobalSection(SolutionConfigurationPlatforms) = preSolution
		Debug|Any CPU = Debug|Any CPU
		Release|Any CPU = Release|Any CPU
	EndGlobalSection
	GlobalSection(ProjectConfigurationPlatforms) = postSolution
		{4949C593-AE22-4388-BFFB-5DB99902B9AD}.Debug|Any CPU.ActiveCfg = Debug|Any CPU
		{4949C593-AE22-4388-BFFB-5DB99902B9AD}.Debug|Any CPU.Build.0 = Debug|Any CPU
		{4949C593-AE22-4388-BFFB-5DB99902B9AD}.Release|Any CPU.ActiveCfg = Release|Any CPU
		{4949C593-AE22-4388-BFFB-5DB99902B9AD}.Release|Any CPU.Build.0 = Release|Any CPU
	EndGlobalSection
	GlobalSection(SolutionProperties) = preSolution
		HideSolutionNode = FALSE
	EndGlobalSection
	GlobalSection(ExtensibilityGlobals) = postSolution
		SolutionGuid = {4445D976-628A-4DB7-A2A5-B8D45F0B8632}
	EndGlobalSection
EndGlobal
